
Microsoft Visual Studio Solution File, Format Version 11.00
# Visual Studio 2010
Project("{8BC9CEB8-8B4A-11D0-8D11-00A0C91BC942}") = "WebBrowser_MFC", "WebBrowser_MFC\WebBrowser_MFC.vcxproj", "{DB691C9C-6151-400C-8796-D85E9FBB509A}"
EndProject
Global
	GlobalSection(SolutionConfigurationPlatforms) = preSolution
		Debug|Win32 = Debug|Win32
		Release|Win32 = Release|Win32
	EndGlobalSection
	GlobalSection(ProjectConfigurationPlatforms) = postSolution
		{DB691C9C-6151-400C-8796-D85E9FBB509A}.Debug|Win32.ActiveCfg = Debug|Win32
		{DB691C9C-6151-400C-8796-D85E9FBB509A}.Debug|Win32.Build.0 = Debug|Win32
		{DB691C9C-6151-400C-8796-D85E9FBB509A}.Release|Win32.ActiveCfg = Release|Win32
		{DB691C9C-6151-400C-8796-D85E9FBB509A}.Release|Win32.Build.0 = Release|Win32
	EndGlobalSection
	GlobalSection(SolutionProperties) = preSolution
		HideSolutionNode = FALSE
	EndGlobalSection
EndGlobal
