
Microsoft Visual Studio Solution File, Format Version 11.00
# Visual Studio 2010
Project("{8BC9CEB8-8B4A-11D0-8D11-00A0C91BC942}") = "VirtualPCText", "VirtualPCText\VirtualPCText.vcxproj", "{06CBE6C2-C756-4556-BC14-3B8DCF151872}"
EndProject
Global
	GlobalSection(SolutionConfigurationPlatforms) = preSolution
		Debug|Win32 = Debug|Win32
		Release|Win32 = Release|Win32
	EndGlobalSection
	GlobalSection(ProjectConfigurationPlatforms) = postSolution
		{06CBE6C2-C756-4556-BC14-3B8DCF151872}.Debug|Win32.ActiveCfg = Debug|Win32
		{06CBE6C2-C756-4556-BC14-3B8DCF151872}.Debug|Win32.Build.0 = Debug|Win32
		{06CBE6C2-C756-4556-BC14-3B8DCF151872}.Release|Win32.ActiveCfg = Release|Win32
		{06CBE6C2-C756-4556-BC14-3B8DCF151872}.Release|Win32.Build.0 = Release|Win32
	EndGlobalSection
	GlobalSection(SolutionProperties) = preSolution
		HideSolutionNode = FALSE
	EndGlobalSection
EndGlobal
